
Microsoft Visual Studio Solution File, Format Version 12.00
Project("{FAE04EC0-301F-11D3-BF4B-00C04F79EFBC}") = "WebApplication1", "WebApplication1\WebApplication1.csproj", "{97D9E205-9A6F-48CB-8888-496C46133AF4}"
EndProject
Global
	GlobalSection(SolutionConfigurationPlatforms) = preSolution
		Debug|Any CPU = Debug|Any CPU
		Release|Any CPU = Release|Any CPU
	EndGlobalSection
	GlobalSection(ProjectConfigurationPlatforms) = postSolution
		{97D9E205-9A6F-48CB-8888-496C46133AF4}.Debug|Any CPU.ActiveCfg = Debug|Any CPU
		{97D9E205-9A6F-48CB-8888-496C46133AF4}.Debug|Any CPU.Build.0 = Debug|Any CPU
		{97D9E205-9A6F-48CB-8888-496C46133AF4}.Release|Any CPU.ActiveCfg = Release|Any CPU
		{97D9E205-9A6F-48CB-8888-496C46133AF4}.Release|Any CPU.Build.0 = Release|Any CPU
	EndGlobalSection
EndGlobal
